# THIS IS AN AUTOGENERATED FILE. DO NOT EDIT THIS FILE DIRECTLY.
# yarn lockfile v1


Base64@^1.0.1:
  version "1.0.1"
  resolved "https://registry.yarnpkg.com/Base64/-/Base64-1.0.1.tgz#def45cc50c961bcc9bf2321d0f52bcbfec1f1bb1"
  integrity sha1-3vRcxQyWG8yb8jIdD1K8v+wfG7E=

asynckit@^0.4.0:
  version "0.4.0"
  resolved "https://registry.yarnpkg.com/asynckit/-/asynckit-0.4.0.tgz#c79ed97f7f34cb8f2ba1bc9790bcc366474b4b79"
  integrity sha1-x57Zf380y48robyXkLzDZkdLS3k=

base64-js@^1.0.2, base64-js@^1.3.0:
  version "1.3.0"
  resolved "https://registry.yarnpkg.com/base64-js/-/base64-js-1.3.0.tgz#cab1e6118f051095e58b5281aea8c1cd22bfc0e3"
  integrity sha512-ccav/yGvoa80BQDljCxsmmQ3Xvx60/UpBIij5QN21W3wBi/hhIC9OoO+KLpu9IJTS9j4DRVJ3aDDF9cMSoa2lw==

bson@4.0.0-rc7:
  version "4.0.0-rc7"
  resolved "https://registry.yarnpkg.com/bson/-/bson-4.0.0-rc7.tgz#421971088cd6f61e35c0e66a298b94c9a993ab54"
  integrity sha512-L5Cn1S7V72y/ymz7SKjPjCyaIWQRxx0OXhhqD2JKHADi45fGUZZaKFFDrRIX62pcZ7mazg3YtBdi+ydvVXIwhA==
  dependencies:
    buffer "^5.1.0"
    long "^4.0.0"

bson@^1.1.0:
  version "1.1.0"
  resolved "https://registry.yarnpkg.com/bson/-/bson-1.1.0.tgz#bee57d1fb6a87713471af4e32bcae36de814b5b0"
  integrity sha512-9Aeai9TacfNtWXOYarkFJRW2CWo+dRon+fuLZYJmvLV3+MiUp0bEI6IAZfXEIg7/Pl/7IWlLaDnhzTsD81etQA==

bson@^3.0.2:
  version "3.0.2"
  resolved "https://registry.yarnpkg.com/bson/-/bson-3.0.2.tgz#2467a76507a98c63ce34072f9965f4024e753dfc"
  integrity sha512-HrDzr7y/ZkgyEVancPVDmfbaD8j81GzSNr6h6yUd/yZfavkrlrqI8aUZMCHrhyMoCW2/I+vEJDat1xDWRwVR6A==

buffer@^5.1.0:
  version "5.2.1"
  resolved "https://registry.yarnpkg.com/buffer/-/buffer-5.2.1.tgz#dd57fa0f109ac59c602479044dca7b8b3d0b71d6"
  integrity sha512-c+Ko0loDaFfuPWiL02ls9Xd3GO3cPVmUobQ6t3rXNUk304u6hGq+8N/kFi+QEIKhzK3uwolVhLzszmfLmMLnqg==
  dependencies:
    base64-js "^1.0.2"
    ieee754 "^1.1.4"

combined-stream@^1.0.6:
  version "1.0.7"
  resolved "https://registry.yarnpkg.com/combined-stream/-/combined-stream-1.0.7.tgz#2d1d24317afb8abe95d6d2c0b07b57813539d828"
  integrity sha512-brWl9y6vOB1xYPZcpZde3N9zDByXTosAeMDo4p1wzo6UMOX4vumB+TP1RZ76sfE6Md68Q0NJSrE/gbezd4Ul+w==
  dependencies:
    delayed-stream "~1.0.0"

delayed-stream@~1.0.0:
  version "1.0.0"
  resolved "https://registry.yarnpkg.com/delayed-stream/-/delayed-stream-1.0.0.tgz#df3ae199acadfb7d440aaae0b29e2272b24ec619"
  integrity sha1-3zrhmayt+31ECqrgsp4icrJOxhk=

detect-browser@^1.7.0:
  version "1.12.0"
  resolved "https://registry.yarnpkg.com/detect-browser/-/detect-browser-1.12.0.tgz#71b57d7809fc6e42050b28f89529123c1b3290f9"
  integrity sha1-cbV9eAn8bkIFCyj4lSkSPBsykPk=

encoding@^0.1.11:
  version "0.1.12"
  resolved "https://registry.yarnpkg.com/encoding/-/encoding-0.1.12.tgz#538b66f3ee62cd1ab51ec323829d1f9480c74beb"
  integrity sha1-U4tm8+5izRq1HsMjgp0flIDHS+s=
  dependencies:
    iconv-lite "~0.4.13"

fetch-everywhere@^1.0.5:
  version "1.0.5"
  resolved "https://registry.yarnpkg.com/fetch-everywhere/-/fetch-everywhere-1.0.5.tgz#b2497f47a57d9026b3907c09756acf5f4bd34e8b"
  integrity sha1-skl/R6V9kCazkHwJdWrPX0vTTos=
  dependencies:
    node-fetch "^1.0.1"
    whatwg-fetch ">=0.10.0"

form-data@^2.3.2:
  version "2.3.3"
  resolved "https://registry.yarnpkg.com/form-data/-/form-data-2.3.3.tgz#dcce52c05f644f298c6a7ab936bd724ceffbf3a6"
  integrity sha512-1lLKB2Mu3aGP1Q/2eCOx0fNbRMe7XdwktwOruhfqqd0rIJWwN4Dh+E3hrPSlDCXnSR7UtZ1N38rVXm+6+MEhJQ==
  dependencies:
    asynckit "^0.4.0"
    combined-stream "^1.0.6"
    mime-types "^2.1.12"

fs-extra@^6.0.1:
  version "6.0.1"
  resolved "https://registry.yarnpkg.com/fs-extra/-/fs-extra-6.0.1.tgz#8abc128f7946e310135ddc93b98bddb410e7a34b"
  integrity sha512-GnyIkKhhzXZUWFCaJzvyDLEEgDkPfb4/TPvJCJVuS8MWZgoSsErf++QpiAlDnKFcqhRlm+tIOcencCjyJE6ZCA==
  dependencies:
    graceful-fs "^4.1.2"
    jsonfile "^4.0.0"
    universalify "^0.1.0"

graceful-fs@^4.1.2, graceful-fs@^4.1.6:
  version "4.1.15"
  resolved "https://registry.yarnpkg.com/graceful-fs/-/graceful-fs-4.1.15.tgz#ffb703e1066e8a0eeaa4c8b80ba9253eeefbfb00"
  integrity sha512-6uHUhOPEBgQ24HM+r6b/QwWfZq+yiFcipKFrOFiBEnWdy5sdzYoi+pJeQaPI5qOLRFqWmAXUPQNsielzdLoecA==

iconv-lite@~0.4.13:
  version "0.4.24"
  resolved "https://registry.yarnpkg.com/iconv-lite/-/iconv-lite-0.4.24.tgz#2022b4b25fbddc21d2f524974a474aafe733908b"
  integrity sha512-v3MXnZAcvnywkTUEZomIActle7RXXeedOR31wwl7VlyoXO4Qi9arvSenNQWne1TcRwhCL1HwLI21bEqdpj8/rA==
  dependencies:
    safer-buffer ">= 2.1.2 < 3"

ieee754@^1.1.4:
  version "1.1.12"
  resolved "https://registry.yarnpkg.com/ieee754/-/ieee754-1.1.12.tgz#50bf24e5b9c8bb98af4964c941cdb0918da7b60b"
  integrity sha512-GguP+DRY+pJ3soyIiGPTvdiVXjZ+DbXOxGpXn3eMvNW4x4irjqXm4wHKscC+TfxSJ0yw/S1F24tqdMNsMZTiLA==

is-stream@^1.0.1:
  version "1.1.0"
  resolved "https://registry.yarnpkg.com/is-stream/-/is-stream-1.1.0.tgz#12d4a3dd4e68e0b79ceb8dbc84173ae80d91ca44"
  integrity sha1-EtSj3U5o4Lec6428hBc66A2RykQ=

jsonfile@^4.0.0:
  version "4.0.0"
  resolved "https://registry.yarnpkg.com/jsonfile/-/jsonfile-4.0.0.tgz#8771aae0799b64076b76640fca058f9c10e33ecb"
  integrity sha1-h3Gq4HmbZAdrdmQPygWPnBDjPss=
  optionalDependencies:
    graceful-fs "^4.1.6"

jwt-decode@^2.2.0:
  version "2.2.0"
  resolved "https://registry.yarnpkg.com/jwt-decode/-/jwt-decode-2.2.0.tgz#7d86bd56679f58ce6a84704a657dd392bba81a79"
  integrity sha1-fYa9VmefWM5qhHBKZX3TkruoGnk=

long@^4.0.0:
  version "4.0.0"
  resolved "https://registry.yarnpkg.com/long/-/long-4.0.0.tgz#9a7b71cfb7d361a194ea555241c92f7468d5bf28"
  integrity sha512-XsP+KhQif4bjX1kbuSiySJFNAehNxgLb6hPRGJ9QsUr8ajHkuXGdrHmFUTUUXhDwVX2R5bY4JNZEwbUiMhV+MA==

memory-pager@^1.0.2:
  version "1.1.0"
  resolved "https://registry.yarnpkg.com/memory-pager/-/memory-pager-1.1.0.tgz#9308915e0e972849fefbae6f8bc95d6b350e7344"
  integrity sha512-Mf9OHV/Y7h6YWDxTzX/b4ZZ4oh9NSXblQL8dtPCOomOtZciEHxePR78+uHFLLlsk01A6jVHhHsQZZ/WcIPpnzg==

mime-db@~1.37.0:
  version "1.37.0"
  resolved "https://registry.yarnpkg.com/mime-db/-/mime-db-1.37.0.tgz#0b6a0ce6fdbe9576e25f1f2d2fde8830dc0ad0d8"
  integrity sha512-R3C4db6bgQhlIhPU48fUtdVmKnflq+hRdad7IyKhtFj06VPNVdk2RhiYL3UjQIlso8L+YxAtFkobT0VK+S/ybg==

mime-types@^2.1.12:
  version "2.1.21"
  resolved "https://registry.yarnpkg.com/mime-types/-/mime-types-2.1.21.tgz#28995aa1ecb770742fe6ae7e58f9181c744b3f96"
  integrity sha512-3iL6DbwpyLzjR3xHSFNFeb9Nz/M8WDkX33t1GFQnFOllWk8pOrh/LSrB5OXlnlW5P9LH73X6loW/eogc+F5lJg==
  dependencies:
    mime-db "~1.37.0"

mongodb-core@3.1.8:
  version "3.1.8"
  resolved "https://registry.yarnpkg.com/mongodb-core/-/mongodb-core-3.1.8.tgz#696cd5581c17d4f44f911b9cd089239e3e687b0e"
  integrity sha512-reWCqIRNehyuLaqaz5JMOmh3Xd8JIjNX34o8mnewXLK2Fyt/Ky6BZbU+X0OPzy8qbX+JZrOtnuay7ASCieTYZw==
  dependencies:
    bson "^1.1.0"
    require_optional "^1.0.1"
    safe-buffer "^5.1.2"
  optionalDependencies:
    saslprep "^1.0.0"

mongodb-extjson@^3.0.0:
  version "3.0.3"
  resolved "https://registry.yarnpkg.com/mongodb-extjson/-/mongodb-extjson-3.0.3.tgz#5ef19bb997cbaf3eabc2fd91171d8598db4abdc5"
  integrity sha512-Fg81iDs3Lxtx6zvOZtAUWPf3OO4KJ1+DecvRrQHJ8Y0/qS9QQ0F6HDZ4RaN6E4Me7uN4l+SFm6RKh4L/K8vcUw==
  dependencies:
    bson "^3.0.2"

mongodb-stitch-core-sdk@^4.0.14-5:
  version "4.0.14-5"
  resolved "https://registry.yarnpkg.com/mongodb-stitch-core-sdk/-/mongodb-stitch-core-sdk-4.0.14-5.tgz#99331605071f843862e31842fac039fadcf5666a"
  integrity sha512-Lgvz4dbPzHEaJpoUua5Ew6EppkU8Ijsuqsyk+Hm96Md/3i8QY2kzWGAYe1OPX7mSdm2Yjd+H9eDsTt6VYpoDkA==
  dependencies:
    base64-js "^1.3.0"
    bson "4.0.0-rc7"
    fetch-everywhere "^1.0.5"

mongodb-stitch-core-services-mongodb-remote@^4.0.14-5:
  version "4.0.14-5"
  resolved "https://registry.yarnpkg.com/mongodb-stitch-core-services-mongodb-remote/-/mongodb-stitch-core-services-mongodb-remote-4.0.14-5.tgz#ac7253d3077e1d6f2e4763dd34a1aa70df687734"
  integrity sha512-3qHn5LIPCsNrupRMsfx5fHc2dNzhCcLvH9xQby2YCqgVv0qZgjK7va0pCBgy2hutpmLkPybN4ln5zFIcbiGzfg==
  dependencies:
    bson "4.0.0-rc7"
    mongodb-stitch-core-sdk "^4.0.14-5"

mongodb-stitch-server-core@^4.0.14-5:
  version "4.0.14-5"
  resolved "https://registry.yarnpkg.com/mongodb-stitch-server-core/-/mongodb-stitch-server-core-4.0.14-5.tgz#4675152241e5fe11c91b17f0eb84b5fb7ac48b3b"
  integrity sha512-WHBPsOZJvq++Lo0zxee3ZpEwmwTy8J/asC6LOahgqfZjQdzlc9pl0UTbcVh+64p6HCIp2OLvay5KzaTz/waG4A==
  dependencies:
    bson "4.0.0-rc7"
    fs-extra "^6.0.1"
    mongodb-stitch-core-sdk "^4.0.14-5"

mongodb-stitch-server-sdk@^4.0.14-5:
  version "4.0.14-5"
  resolved "https://registry.yarnpkg.com/mongodb-stitch-server-sdk/-/mongodb-stitch-server-sdk-4.0.14-5.tgz#8c7b0ebeb89fc504e3e9bbad4cde8f7d7157b08b"
  integrity sha512-p4WvNhxQKlxlluILnkM+JzAVSvJ40XDjXfHXmNLsPDuv+ymi6n0ycjtWdmsrup7VgsPkW1PePdlcfSyDQdOoZQ==
  dependencies:
    mongodb-stitch-server-core "^4.0.14-5"
    mongodb-stitch-server-services-mongodb-remote "^4.0.14-5"

mongodb-stitch-server-services-mongodb-remote@^4.0.14-5:
  version "4.0.14-5"
  resolved "https://registry.yarnpkg.com/mongodb-stitch-server-services-mongodb-remote/-/mongodb-stitch-server-services-mongodb-remote-4.0.14-5.tgz#21aa473c17811ee35d08eb6176cf948a94b48a70"
  integrity sha512-PH+j++q1QN+zMY0JKR+qar8+8b02DbYKlEH5cDNkTDzX6r9dQMOC2I4KJxChN5PeJEzALSiTG4V2fVNzceYw4A==
  dependencies:
    mongodb-stitch-core-services-mongodb-remote "^4.0.14-5"
    mongodb-stitch-server-core "^4.0.14-5"

mongodb-stitch@^3.2.10:
  version "3.2.10"
  resolved "https://registry.yarnpkg.com/mongodb-stitch/-/mongodb-stitch-3.2.10.tgz#4efd26f6d6e0e805f7c0745903a50ec826bd71dd"
  integrity sha512-I9sI+zuZh+qeqUOOjOiqiMziJadPCmce+RWQmIsRKJJXiZqJaO6T+rROcQXnqyui6dZGoe8e6l0jXhTW9XwJgg==
  dependencies:
    Base64 "^1.0.1"
    detect-browser "^1.7.0"
    fetch-everywhere "^1.0.5"
    form-data "^2.3.2"
    jwt-decode "^2.2.0"
    mongodb-extjson "^3.0.0"
    query-string "^4.3.4"

mongodb@^3.1.9:
  version "3.1.9"
  resolved "https://registry.yarnpkg.com/mongodb/-/mongodb-3.1.9.tgz#9bd205b36b6ddf4bd1fb6c3c31641e1994b62075"
  integrity sha512-f+Og32wK/ovzVlC1S6Ft7yjVTvNsAOs6pBpDrPd2/3wPO9ijNsQrTNntuECjOSxGZpPVl0aRqgHzF1e9e+KvnQ==
  dependencies:
    mongodb-core "3.1.8"
    safe-buffer "^5.1.2"

node-fetch@^1.0.1:
  version "1.7.3"
  resolved "https://registry.yarnpkg.com/node-fetch/-/node-fetch-1.7.3.tgz#980f6f72d85211a5347c6b2bc18c5b84c3eb47ef"
  integrity sha512-NhZ4CsKx7cYm2vSrBAr2PvFOe6sWDf0UYLRqA6svUYg7+/TSfVAu49jYC4BvQ4Sms9SZgdqGBgroqfDhJdTyKQ==
  dependencies:
    encoding "^0.1.11"
    is-stream "^1.0.1"

object-assign@^4.1.0:
  version "4.1.1"
  resolved "https://registry.yarnpkg.com/object-assign/-/object-assign-4.1.1.tgz#2109adc7965887cfc05cbbd442cac8bfbb360863"
  integrity sha1-IQmtx5ZYh8/AXLvUQsrIv7s2CGM=

query-string@^4.3.4:
  version "4.3.4"
  resolved "https://registry.yarnpkg.com/query-string/-/query-string-4.3.4.tgz#bbb693b9ca915c232515b228b1a02b609043dbeb"
  integrity sha1-u7aTucqRXCMlFbIosaArYJBD2+s=
  dependencies:
    object-assign "^4.1.0"
    strict-uri-encode "^1.0.0"

require_optional@^1.0.1:
  version "1.0.1"
  resolved "https://registry.yarnpkg.com/require_optional/-/require_optional-1.0.1.tgz#4cf35a4247f64ca3df8c2ef208cc494b1ca8fc2e"
  integrity sha512-qhM/y57enGWHAe3v/NcwML6a3/vfESLe/sGM2dII+gEO0BpKRUkWZow/tyloNqJyN6kXSl3RyyM8Ll5D/sJP8g==
  dependencies:
    resolve-from "^2.0.0"
    semver "^5.1.0"

resolve-from@^2.0.0:
  version "2.0.0"
  resolved "https://registry.yarnpkg.com/resolve-from/-/resolve-from-2.0.0.tgz#9480ab20e94ffa1d9e80a804c7ea147611966b57"
  integrity sha1-lICrIOlP+h2egKgEx+oUdhGWa1c=

safe-buffer@^5.1.2:
  version "5.1.2"
  resolved "https://registry.yarnpkg.com/safe-buffer/-/safe-buffer-5.1.2.tgz#991ec69d296e0313747d59bdfd2b745c35f8828d"
  integrity sha512-Gd2UZBJDkXlY7GbJxfsE8/nvKkUEU1G38c1siN6QP6a9PT9MmHB8GnpscSmMJSoF8LOIrt8ud/wPtojys4G6+g==

"safer-buffer@>= 2.1.2 < 3":
  version "2.1.2"
  resolved "https://registry.yarnpkg.com/safer-buffer/-/safer-buffer-2.1.2.tgz#44fa161b0187b9549dd84bb91802f9bd8385cd6a"
  integrity sha512-YZo3K82SD7Riyi0E1EQPojLz7kpepnSQI9IyPbHHg1XXXevb5dJI7tpyN2ADxGcQbHG7vcyRHk0cbwqcQriUtg==

saslprep@^1.0.0:
  version "1.0.2"
  resolved "https://registry.yarnpkg.com/saslprep/-/saslprep-1.0.2.tgz#da5ab936e6ea0bbae911ffec77534be370c9f52d"
  integrity sha512-4cDsYuAjXssUSjxHKRe4DTZC0agDwsCqcMqtJAQPzC74nJ7LfAJflAtC1Zed5hMzEQKj82d3tuzqdGNRsLJ4Gw==
  dependencies:
    sparse-bitfield "^3.0.3"

semver@^5.1.0:
  version "5.6.0"
  resolved "https://registry.yarnpkg.com/semver/-/semver-5.6.0.tgz#7e74256fbaa49c75aa7c7a205cc22799cac80004"
  integrity sha512-RS9R6R35NYgQn++fkDWaOmqGoj4Ek9gGs+DPxNUZKuwE183xjJroKvyo1IzVFeXvUrvmALy6FWD5xrdJT25gMg==

sparse-bitfield@^3.0.3:
  version "3.0.3"
  resolved "https://registry.yarnpkg.com/sparse-bitfield/-/sparse-bitfield-3.0.3.tgz#ff4ae6e68656056ba4b3e792ab3334d38273ca11"
  integrity sha1-/0rm5oZWBWuks+eSqzM004JzyhE=
  dependencies:
    memory-pager "^1.0.2"

strict-uri-encode@^1.0.0:
  version "1.1.0"
  resolved "https://registry.yarnpkg.com/strict-uri-encode/-/strict-uri-encode-1.1.0.tgz#279b225df1d582b1f54e65addd4352e18faa0713"
  integrity sha1-J5siXfHVgrH1TmWt3UNS4Y+qBxM=

universalify@^0.1.0:
  version "0.1.2"
  resolved "https://registry.yarnpkg.com/universalify/-/universalify-0.1.2.tgz#b646f69be3942dabcecc9d6639c80dc105efaa66"
  integrity sha512-rBJeI5CXAlmy1pV+617WB9J63U6XcazHHF2f2dbJix4XzpUF0RS3Zbj0FGIOCAva5P/d/GBOYaACQ1w+0azUkg==

whatwg-fetch@>=0.10.0:
  version "3.0.0"
  resolved "https://registry.yarnpkg.com/whatwg-fetch/-/whatwg-fetch-3.0.0.tgz#fc804e458cc460009b1a2b966bc8817d2578aefb"
  integrity sha512-9GSJUgz1D4MfyKU7KRqwOjXCXTqWdFNvEr7eUBYchQiVc744mqK/MzXPNR2WsPkmkOa4ywfg8C2n8h+13Bey1Q==
